// !$*UTF8*$!
{
	archiveVersion = 1;
	classes = {
	};
	objectVersion = 50;
	objects = {

/* Begin PBXBuildFile section */
		3209163A25CA978400CD8165 /* AppDelegate.swift in Sources */ = {isa = PBXBuildFile; fileRef = 3209163925CA978400CD8165 /* AppDelegate.swift */; };
		3209163C25CA978400CD8165 /* SceneDelegate.swift in Sources */ = {isa = PBXBuildFile; fileRef = 3209163B25CA978400CD8165 /* SceneDelegate.swift */; };
		3209163E25CA978400CD8165 /* ViewController.swift in Sources */ = {isa = PBXBuildFile; fileRef = 3209163D25CA978400CD8165 /* ViewController.swift */; };
		3209164125CA978400CD8165 /* Main.storyboard in Resources */ = {isa = PBXBuildFile; fileRef = 3209163F25CA978400CD8165 /* Main.storyboard */; };
		3209164325CA978700CD8165 /* Assets.xcassets in Resources */ = {isa = PBXBuildFile; fileRef = 3209164225CA978700CD8165 /* Assets.xcassets */; };
		3209164625CA978700CD8165 /* LaunchScreen.storyboard in Resources */ = {isa = PBXBuildFile; fileRef = 3209164425CA978700CD8165 /* LaunchScreen.storyboard */; };
		3209166F25CA97F000CD8165 /* Stickers.xcassets in Resources */ = {isa = PBXBuildFile; fileRef = 3209166E25CA97F000CD8165 /* Stickers.xcassets */; };
		3209167325CA97F100CD8165 /* StickerPackExtension.appex in Embed App Extensions */ = {isa = PBXBuildFile; fileRef = 3209166C25CA97EE00CD8165 /* StickerPackExtension.appex */; settings = {ATTRIBUTES = (RemoveHeadersOnCopy, ); }; };
/* End PBXBuildFile section */

/* Begin PBXContainerItemProxy section */
		3209167125CA97F100CD8165 /* PBXContainerItemProxy */ = {
			isa = PBXContainerItemProxy;
			containerPortal = 3209162E25CA978400CD8165 /* Project object */;
			proxyType = 1;
			remoteGlobalIDString = 3209166B25CA97EE00CD8165;
			remoteInfo = StickerPackExtension;
		};
/* End PBXContainerItemProxy section */

/* Begin PBXCopyFilesBuildPhase section */
		3209166625CA97AC00CD8165 /* Embed App Extensions */ = {
			isa = PBXCopyFilesBuildPhase;
			buildActionMask = 2147483647;
			dstPath = "";
			dstSubfolderSpec = 13;
			files = (
				3209167325CA97F100CD8165 /* StickerPackExtension.appex in Embed App Extensions */,
			);
			name = "Embed App Extensions";
			runOnlyForDeploymentPostprocessing = 0;
		};
/* End PBXCopyFilesBuildPhase section */

/* Begin PBXFileReference section */
		3209163625CA978400CD8165 /* TT Stickers.app */ = {isa = PBXFileReference; explicitFileType = wrapper.application; includeInIndex = 0; path = "TT Stickers.app"; sourceTree = BUILT_PRODUCTS_DIR; };
		3209163925CA978400CD8165 /* AppDelegate.swift */ = {isa = PBXFileReference; lastKnownFileType = sourcecode.swift; path = AppDelegate.swift; sourceTree = "<group>"; };
		3209163B25CA978400CD8165 /* SceneDelegate.swift */ = {isa = PBXFileReference; lastKnownFileType = sourcecode.swift; path = SceneDelegate.swift; sourceTree = "<group>"; };
		3209163D25CA978400CD8165 /* ViewController.swift */ = {isa = PBXFileReference; lastKnownFileType = sourcecode.swift; path = ViewController.swift; sourceTree = "<group>"; };
		3209164025CA978400CD8165 /* Base */ = {isa = PBXFileReference; lastKnownFileType = file.storyboard; name = Base; path = Base.lproj/Main.storyboard; sourceTree = "<group>"; };
		3209164225CA978700CD8165 /* Assets.xcassets */ = {isa = PBXFileReference; lastKnownFileType = folder.assetcatalog; path = Assets.xcassets; sourceTree = "<group>"; };
		3209164525CA978700CD8165 /* Base */ = {isa = PBXFileReference; lastKnownFileType = file.storyboard; name = Base; path = Base.lproj/LaunchScreen.storyboard; sourceTree = "<group>"; };
		3209164725CA978700CD8165 /* Info.plist */ = {isa = PBXFileReference; lastKnownFileType = text.plist.xml; path = Info.plist; sourceTree = "<group>"; };
		3209165525CA97A900CD8165 /* Messages.framework */ = {isa = PBXFileReference; lastKnownFileType = wrapper.framework; name = Messages.framework; path = System/Library/Frameworks/Messages.framework; sourceTree = SDKROOT; };
		3209166C25CA97EE00CD8165 /* StickerPackExtension.appex */ = {isa = PBXFileReference; explicitFileType = "wrapper.app-extension"; includeInIndex = 0; path = StickerPackExtension.appex; sourceTree = BUILT_PRODUCTS_DIR; };
		3209166E25CA97F000CD8165 /* Stickers.xcassets */ = {isa = PBXFileReference; lastKnownFileType = folder.assetcatalog; path = Stickers.xcassets; sourceTree = "<group>"; };
		3209167025CA97F100CD8165 /* Info.plist */ = {isa = PBXFileReference; lastKnownFileType = text.plist.xml; path = Info.plist; sourceTree = "<group>"; };
/* End PBXFileReference section */

/* Begin PBXFrameworksBuildPhase section */
		3209163325CA978400CD8165 /* Frameworks */ = {
			isa = PBXFrameworksBuildPhase;
			buildActionMask = 2147483647;
			files = (
			);
			runOnlyForDeploymentPostprocessing = 0;
		};
/* End PBXFrameworksBuildPhase section */

/* Begin PBXGroup section */
		3209162D25CA978400CD8165 = {
			isa = PBXGroup;
			children = (
				3209163825CA978400CD8165 /* TT Stickers */,
				3209166D25CA97EE00CD8165 /* StickerPackExtension */,
				3209165425CA97A900CD8165 /* Frameworks */,
				3209163725CA978400CD8165 /* Products */,
			);
			sourceTree = "<group>";
		};
		3209163725CA978400CD8165 /* Products */ = {
			isa = PBXGroup;
			children = (
				3209163625CA978400CD8165 /* TT Stickers.app */,
				3209166C25CA97EE00CD8165 /* StickerPackExtension.appex */,
			);
			name = Products;
			sourceTree = "<group>";
		};
		3209163825CA978400CD8165 /* TT Stickers */ = {
			isa = PBXGroup;
			children = (
				3209163925CA978400CD8165 /* AppDelegate.swift */,
				3209163B25CA978400CD8165 /* SceneDelegate.swift */,
				3209163D25CA978400CD8165 /* ViewController.swift */,
				3209163F25CA978400CD8165 /* Main.storyboard */,
				3209164225CA978700CD8165 /* Assets.xcassets */,
				3209164425CA978700CD8165 /* LaunchScreen.storyboard */,
				3209164725CA978700CD8165 /* Info.plist */,
			);
			path = "TT Stickers";
			sourceTree = "<group>";
		};
		3209165425CA97A900CD8165 /* Frameworks */ = {
			isa = PBXGroup;
			children = (
				3209165525CA97A900CD8165 /* Messages.framework */,
			);
			name = Frameworks;
			sourceTree = "<group>";
		};
		3209166D25CA97EE00CD8165 /* StickerPackExtension */ = {
			isa = PBXGroup;
			children = (
				3209166E25CA97F000CD8165 /* Stickers.xcassets */,
				3209167025CA97F100CD8165 /* Info.plist */,
			);
			path = StickerPackExtension;
			sourceTree = "<group>";
		};
/* End PBXGroup section */

/* Begin PBXNativeTarget section */
		3209163525CA978400CD8165 /* TT Stickers */ = {
			isa = PBXNativeTarget;
			buildConfigurationList = 3209164A25CA978700CD8165 /* Build configuration list for PBXNativeTarget "TT Stickers" */;
			buildPhases = (
				3209163225CA978400CD8165 /* Sources */,
				3209163325CA978400CD8165 /* Frameworks */,
				3209163425CA978400CD8165 /* Resources */,
				3209166625CA97AC00CD8165 /* Embed App Extensions */,
			);
			buildRules = (
			);
			dependencies = (
				3209167225CA97F100CD8165 /* PBXTargetDependency */,
			);
			name = "TT Stickers";
			productName = "TT Stickers";
			productReference = 3209163625CA978400CD8165 /* TT Stickers.app */;
			productType = "com.apple.product-type.application";
		};
		3209166B25CA97EE00CD8165 /* StickerPackExtension */ = {
			isa = PBXNativeTarget;
			buildConfigurationList = 3209167425CA97F100CD8165 /* Build configuration list for PBXNativeTarget "StickerPackExtension" */;
			buildPhases = (
				3209166A25CA97EE00CD8165 /* Resources */,
			);
			buildRules = (
			);
			dependencies = (
			);
			name = StickerPackExtension;
			productName = StickerPackExtension;
			productReference = 3209166C25CA97EE00CD8165 /* StickerPackExtension.appex */;
			productType = "com.apple.product-type.app-extension.messages-sticker-pack";
		};
/* End PBXNativeTarget section */

/* Begin PBXProject section */
		3209162E25CA978400CD8165 /* Project object */ = {
			isa = PBXProject;
			attributes = {
				LastSwiftUpdateCheck = 1220;
				LastUpgradeCheck = 1220;
				TargetAttributes = {
					3209163525CA978400CD8165 = {
						CreatedOnToolsVersion = 12.2;
					};
					3209166B25CA97EE00CD8165 = {
						CreatedOnToolsVersion = 12.2;
					};
				};
			};
			buildConfigurationList = 3209163125CA978400CD8165 /* Build configuration list for PBXProject "TT Stickers" */;
			compatibilityVersion = "Xcode 9.3";
			developmentRegion = en;
			hasScannedForEncodings = 0;
			knownRegions = (
				en,
				Base,
			);
			mainGroup = 3209162D25CA978400CD8165;
			productRefGroup = 3209163725CA978400CD8165 /* Products */;
			projectDirPath = "";
			projectRoot = "";
			targets = (
				3209163525CA978400CD8165 /* TT Stickers */,
				3209166B25CA97EE00CD8165 /* StickerPackExtension */,
			);
		};
/* End PBXProject section */

/* Begin PBXResourcesBuildPhase section */
		3209163425CA978400CD8165 /* Resources */ = {
			isa = PBXResourcesBuildPhase;
			buildActionMask = 2147483647;
			files = (
				3209164625CA978700CD8165 /* LaunchScreen.storyboard in Resources */,
				3209164325CA978700CD8165 /* Assets.xcassets in Resources */,
				3209164125CA978400CD8165 /* Main.storyboard in Resources */,
			);
			runOnlyForDeploymentPostprocessing = 0;
		};
		3209166A25CA97EE00CD8165 /* Resources */ = {
			isa = PBXResourcesBuildPhase;
			buildActionMask = 2147483647;
			files = (
				3209166F25CA97F000CD8165 /* Stickers.xcassets in Resources */,
			);
			runOnlyForDeploymentPostprocessing = 0;
		};
/* End PBXResourcesBuildPhase section */

/* Begin PBXSourcesBuildPhase section */
		3209163225CA978400CD8165 /* Sources */ = {
			isa = PBXSourcesBuildPhase;
			buildActionMask = 2147483647;
			files = (
				3209163E25CA978400CD8165 /* ViewController.swift in Sources */,
				3209163A25CA978400CD8165 /* AppDelegate.swift in Sources */,
				3209163C25CA978400CD8165 /* SceneDelegate.swift in Sources */,
			);
			runOnlyForDeploymentPostprocessing = 0;
		};
/* End PBXSourcesBuildPhase section */

/* Begin PBXTargetDependency section */
		3209167225CA97F100CD8165 /* PBXTargetDependency */ = {
			isa = PBXTargetDependency;
			target = 3209166B25CA97EE00CD8165 /* StickerPackExtension */;
			targetProxy = 3209167125CA97F100CD8165 /* PBXContainerItemProxy */;
		};
/* End PBXTargetDependency section */

/* Begin PBXVariantGroup section */
		3209163F25CA978400CD8165 /* Main.storyboard */ = {
			isa = PBXVariantGroup;
			children = (
				3209164025CA978400CD8165 /* Base */,
			);
			name = Main.storyboard;
			sourceTree = "<group>";
		};
		3209164425CA978700CD8165 /* LaunchScreen.storyboard */ = {
			isa = PBXVariantGroup;
			children = (
				3209164525CA978700CD8165 /* Base */,
			);
			name = LaunchScreen.storyboard;
			sourceTree = "<group>";
		};
/* End PBXVariantGroup section */

/* Begin XCBuildConfiguration section */
		3209164825CA978700CD8165 /* Debug */ = {
			isa = XCBuildConfiguration;
			buildSettings = {
				ALWAYS_SEARCH_USER_PATHS = NO;
				CLANG_ANALYZER_NONNULL = YES;
				CLANG_ANALYZER_NUMBER_OBJECT_CONVERSION = YES_AGGRESSIVE;
				CLANG_CXX_LANGUAGE_STANDARD = "gnu++14";
				CLANG_CXX_LIBRARY = "libc++";
				CLANG_ENABLE_MODULES = YES;
				CLANG_ENABLE_OBJC_ARC = YES;
				CLANG_ENABLE_OBJC_WEAK = YES;
				CLANG_WARN_BLOCK_CAPTURE_AUTORELEASING = YES;
				CLANG_WARN_BOOL_CONVERSION = YES;
				CLANG_WARN_COMMA = YES;
				CLANG_WARN_CONSTANT_CONVERSION = YES;
				CLANG_WARN_DEPRECATED_OBJC_IMPLEMENTATIONS = YES;
				CLANG_WARN_DIRECT_OBJC_ISA_USAGE = YES_ERROR;
				CLANG_WARN_DOCUMENTATION_COMMENTS = YES;
				CLANG_WARN_EMPTY_BODY = YES;
				CLANG_WARN_ENUM_CONVERSION = YES;
				CLANG_WARN_INFINITE_RECURSION = YES;
				CLANG_WARN_INT_CONVERSION = YES;
				CLANG_WARN_NON_LITERAL_NULL_CONVERSION = YES;
				CLANG_WARN_OBJC_IMPLICIT_RETAIN_SELF = YES;
				CLANG_WARN_OBJC_LITERAL_CONVERSION = YES;
				CLANG_WARN_OBJC_ROOT_CLASS = YES_ERROR;
				CLANG_WARN_QUOTED_INCLUDE_IN_FRAMEWORK_HEADER = YES;
				CLANG_WARN_RANGE_LOOP_ANALYSIS = YES;
				CLANG_WARN_STRICT_PROTOTYPES = YES;
				CLANG_WARN_SUSPICIOUS_MOVE = YES;
				CLANG_WARN_UNGUARDED_AVAILABILITY = YES_AGGRESSIVE;
				CLANG_WARN_UNREACHABLE_CODE = YES;
				CLANG_WARN__DUPLICATE_METHOD_MATCH = YES;
				COPY_PHASE_STRIP = NO;
				DEBUG_INFORMATION_FORMAT = dwarf;
				ENABLE_STRICT_OBJC_MSGSEND = YES;
				ENABLE_TESTABILITY = YES;
				GCC_C_LANGUAGE_STANDARD = gnu11;
				GCC_DYNAMIC_NO_PIC = NO;
				GCC_NO_COMMON_BLOCKS = YES;
				GCC_OPTIMIZATION_LEVEL = 0;
				GCC_PREPROCESSOR_DEFINITIONS = (
					"DEBUG=1",
					"$(inherited)",
				);
				GCC_WARN_64_TO_32_BIT_CONVERSION = YES;
				GCC_WARN_ABOUT_RETURN_TYPE = YES_ERROR;
				GCC_WARN_UNDECLARED_SELECTOR = YES;
				GCC_WARN_UNINITIALIZED_AUTOS = YES_AGGRESSIVE;
				GCC_WARN_UNUSED_FUNCTION = YES;
				GCC_WARN_UNUSED_VARIABLE = YES;
				IPHONEOS_DEPLOYMENT_TARGET = 14.2;
				MTL_ENABLE_DEBUG_INFO = INCLUDE_SOURCE;
				MTL_FAST_MATH = YES;
				ONLY_ACTIVE_ARCH = YES;
				SDKROOT = iphoneos;
				SWIFT_ACTIVE_COMPILATION_CONDITIONS = DEBUG;
				SWIFT_OPTIMIZATION_LEVEL = "-Onone";
			};
			name = Debug;
		};
		3209164925CA978700CD8165 /* Release */ = {
			isa = XCBuildConfiguration;
			buildSettings = {
				ALWAYS_SEARCH_USER_PATHS = NO;
				CLANG_ANALYZER_NONNULL = YES;
				CLANG_ANALYZER_NUMBER_OBJECT_CONVERSION = YES_AGGRESSIVE;
				CLANG_CXX_LANGUAGE_STANDARD = "gnu++14";
				CLANG_CXX_LIBRARY = "libc++";
				CLANG_ENABLE_MODULES = YES;
				CLANG_ENABLE_OBJC_ARC = YES;
				CLANG_ENABLE_OBJC_WEAK = YES;
				CLANG_WARN_BLOCK_CAPTURE_AUTORELEASING = YES;
				CLANG_WARN_BOOL_CONVERSION = YES;
				CLANG_WARN_COMMA = YES;
				CLANG_WARN_CONSTANT_CONVERSION = YES;
				CLANG_WARN_DEPRECATED_OBJC_IMPLEMENTATIONS = YES;
				CLANG_WARN_DIRECT_OBJC_ISA_USAGE = YES_ERROR;
				CLANG_WARN_DOCUMENTATION_COMMENTS = YES;
				CLANG_WARN_EMPTY_BODY = YES;
				CLANG_WARN_ENUM_CONVERSION = YES;
				CLANG_WARN_INFINITE_RECURSION = YES;
				CLANG_WARN_INT_CONVERSION = YES;
				CLANG_WARN_NON_LITERAL_NULL_CONVERSION = YES;
				CLANG_WARN_OBJC_IMPLICIT_RETAIN_SELF = YES;
				CLANG_WARN_OBJC_LITERAL_CONVERSION = YES;
				CLANG_WARN_OBJC_ROOT_CLASS = YES_ERROR;
				CLANG_WARN_QUOTED_INCLUDE_IN_FRAMEWORK_HEADER = YES;
				CLANG_WARN_RANGE_LOOP_ANALYSIS = YES;
				CLANG_WARN_STRICT_PROTOTYPES = YES;
				CLANG_WARN_SUSPICIOUS_MOVE = YES;
				CLANG_WARN_UNGUARDED_AVAILABILITY = YES_AGGRESSIVE;
				CLANG_WARN_UNREACHABLE_CODE = YES;
				CLANG_WARN__DUPLICATE_METHOD_MATCH = YES;
				COPY_PHASE_STRIP = NO;
				DEBUG_INFORMATION_FORMAT = "dwarf-with-dsym";
				ENABLE_NS_ASSERTIONS = NO;
				ENABLE_STRICT_OBJC_MSGSEND = YES;
				GCC_C_LANGUAGE_STANDARD = gnu11;
				GCC_NO_COMMON_BLOCKS = YES;
				GCC_WARN_64_TO_32_BIT_CONVERSION = YES;
				GCC_WARN_ABOUT_RETURN_TYPE = YES_ERROR;
				GCC_WARN_UNDECLARED_SELECTOR = YES;
				GCC_WARN_UNINITIALIZED_AUTOS = YES_AGGRESSIVE;
				GCC_WARN_UNUSED_FUNCTION = YES;
				GCC_WARN_UNUSED_VARIABLE = YES;
				IPHONEOS_DEPLOYMENT_TARGET = 14.2;
				MTL_ENABLE_DEBUG_INFO = NO;
				MTL_FAST_MATH = YES;
				SDKROOT = iphoneos;
				SWIFT_COMPILATION_MODE = wholemodule;
				SWIFT_OPTIMIZATION_LEVEL = "-O";
				VALIDATE_PRODUCT = YES;
			};
			name = Release;
		};
		3209164B25CA978700CD8165 /* Debug */ = {
			isa = XCBuildConfiguration;
			buildSettings = {
				ALWAYS_EMBED_SWIFT_STANDARD_LIBRARIES = YES;
				ASSETCATALOG_COMPILER_APPICON_NAME = AppIcon;
				ASSETCATALOG_COMPILER_GLOBAL_ACCENT_COLOR_NAME = AccentColor;
				CODE_SIGN_STYLE = Automatic;
				DEVELOPMENT_TEAM = XL5JK4F896;
				INFOPLIST_FILE = "TT Stickers/Info.plist";
				LD_RUNPATH_SEARCH_PATHS = (
					"$(inherited)",
					"@executable_path/Frameworks",
				);
				PRODUCT_BUNDLE_IDENTIFIER = sg.tk.tinkertanker.stickers;
				PRODUCT_NAME = "$(TARGET_NAME)";
				SWIFT_VERSION = 5.0;
				TARGETED_DEVICE_FAMILY = "1,2";
			};
			name = Debug;
		};
		3209164C25CA978700CD8165 /* Release */ = {
			isa = XCBuildConfiguration;
			buildSettings = {
				ALWAYS_EMBED_SWIFT_STANDARD_LIBRARIES = YES;
				ASSETCATALOG_COMPILER_APPICON_NAME = AppIcon;
				ASSETCATALOG_COMPILER_GLOBAL_ACCENT_COLOR_NAME = AccentColor;
				CODE_SIGN_STYLE = Automatic;
				DEVELOPMENT_TEAM = XL5JK4F896;
				INFOPLIST_FILE = "TT Stickers/Info.plist";
				LD_RUNPATH_SEARCH_PATHS = (
					"$(inherited)",
					"@executable_path/Frameworks",
				);
				PRODUCT_BUNDLE_IDENTIFIER = sg.tk.tinkertanker.stickers;
				PRODUCT_NAME = "$(TARGET_NAME)";
				SWIFT_VERSION = 5.0;
				TARGETED_DEVICE_FAMILY = "1,2";
			};
			name = Release;
		};
		3209167525CA97F100CD8165 /* Debug */ = {
			isa = XCBuildConfiguration;
			buildSettings = {
				ASSETCATALOG_COMPILER_APPICON_NAME = "iMessage App Icon";
				CODE_SIGN_STYLE = Automatic;
				DEVELOPMENT_TEAM = XL5JK4F896;
				INFOPLIST_FILE = StickerPackExtension/Info.plist;
				IPHONEOS_DEPLOYMENT_TARGET = 10.0;
				PRODUCT_BUNDLE_IDENTIFIER = sg.tk.tinkertanker.stickers.StickerPackExtension;
				PRODUCT_NAME = "$(TARGET_NAME)";
				SKIP_INSTALL = YES;
				TARGETED_DEVICE_FAMILY = "1,2";
			};
			name = Debug;
		};
		3209167625CA97F100CD8165 /* Release */ = {
			isa = XCBuildConfiguration;
			buildSettings = {
				ASSETCATALOG_COMPILER_APPICON_NAME = "iMessage App Icon";
				CODE_SIGN_STYLE = Automatic;
				DEVELOPMENT_TEAM = XL5JK4F896;
				INFOPLIST_FILE = StickerPackExtension/Info.plist;
				IPHONEOS_DEPLOYMENT_TARGET = 10.0;
				PRODUCT_BUNDLE_IDENTIFIER = sg.tk.tinkertanker.stickers.StickerPackExtension;
				PRODUCT_NAME = "$(TARGET_NAME)";
				SKIP_INSTALL = YES;
				TARGETED_DEVICE_FAMILY = "1,2";
			};
			name = Release;
		};
/* End XCBuildConfiguration section */

/* Begin XCConfigurationList section */
		3209163125CA978400CD8165 /* Build configuration list for PBXProject "TT Stickers" */ = {
			isa = XCConfigurationList;
			buildConfigurations = (
				3209164825CA978700CD8165 /* Debug */,
				3209164925CA978700CD8165 /* Release */,
			);
			defaultConfigurationIsVisible = 0;
			defaultConfigurationName = Release;
		};
		3209164A25CA978700CD8165 /* Build configuration list for PBXNativeTarget "TT Stickers" */ = {
			isa = XCConfigurationList;
			buildConfigurations = (
				3209164B25CA978700CD8165 /* Debug */,
				3209164C25CA978700CD8165 /* Release */,
			);
			defaultConfigurationIsVisible = 0;
			defaultConfigurationName = Release;
		};
		3209167425CA97F100CD8165 /* Build configuration list for PBXNativeTarget "StickerPackExtension" */ = {
			isa = XCConfigurationList;
			buildConfigurations = (
				3209167525CA97F100CD8165 /* Debug */,
				3209167625CA97F100CD8165 /* Release */,
			);
			defaultConfigurationIsVisible = 0;
			defaultConfigurationName = Release;
		};
/* End XCConfigurationList section */
	};
	rootObject = 3209162E25CA978400CD8165 /* Project object */;
}
